
Microsoft Visual Studio Solution File, Format Version 12.00
# Visual Studio Version 17
VisualStudioVersion = 17.7.34221.43
MinimumVisualStudioVersion = 10.0.40219.1
Project("{FAE04EC0-301F-11D3-BF4B-00C04F79EFBC}") = "LYRISETask", "LYRISETask\LYRISETask.csproj", "{AB32752D-95F9-4F2B-840D-3E0C8C087D1C}"
EndProject
Global
	GlobalSection(SolutionConfigurationPlatforms) = preSolution
		Debug|Any CPU = Debug|Any CPU
		Release|Any CPU = Release|Any CPU
	EndGlobalSection
	GlobalSection(ProjectConfigurationPlatforms) = postSolution
		{AB32752D-95F9-4F2B-840D-3E0C8C087D1C}.Debug|Any CPU.ActiveCfg = Debug|Any CPU
		{AB32752D-95F9-4F2B-840D-3E0C8C087D1C}.Debug|Any CPU.Build.0 = Debug|Any CPU
		{AB32752D-95F9-4F2B-840D-3E0C8C087D1C}.Release|Any CPU.ActiveCfg = Release|Any CPU
		{AB32752D-95F9-4F2B-840D-3E0C8C087D1C}.Release|Any CPU.Build.0 = Release|Any CPU
	EndGlobalSection
	GlobalSection(SolutionProperties) = preSolution
		HideSolutionNode = FALSE
	EndGlobalSection
	GlobalSection(ExtensibilityGlobals) = postSolution
		SolutionGuid = {F80D5ACC-702F-4897-AE2D-7A493E3EE6A5}
	EndGlobalSection
EndGlobal
